
Microsoft Visual Studio Solution File, Format Version 12.00
# Visual Studio Version 17
VisualStudioVersion = 17.14.36109.1 d17.14
MinimumVisualStudioVersion = 10.0.40219.1
Project("{FAE04EC0-301F-11D3-BF4B-00C04F79EFBC}") = "Temat6", "Temat6\Temat6.csproj", "{66179D4E-B1F4-4CEA-A52B-9D9FBF3F40C4}"
EndProject
Global
	GlobalSection(SolutionConfigurationPlatforms) = preSolution
		Debug|Any CPU = Debug|Any CPU
		Release|Any CPU = Release|Any CPU
	EndGlobalSection
	GlobalSection(ProjectConfigurationPlatforms) = postSolution
		{66179D4E-B1F4-4CEA-A52B-9D9FBF3F40C4}.Debug|Any CPU.ActiveCfg = Debug|Any CPU
		{66179D4E-B1F4-4CEA-A52B-9D9FBF3F40C4}.Debug|Any CPU.Build.0 = Debug|Any CPU
		{66179D4E-B1F4-4CEA-A52B-9D9FBF3F40C4}.Release|Any CPU.ActiveCfg = Release|Any CPU
		{66179D4E-B1F4-4CEA-A52B-9D9FBF3F40C4}.Release|Any CPU.Build.0 = Release|Any CPU
	EndGlobalSection
	GlobalSection(SolutionProperties) = preSolution
		HideSolutionNode = FALSE
	EndGlobalSection
	GlobalSection(ExtensibilityGlobals) = postSolution
		SolutionGuid = {51FB4678-8D6D-4F5C-BCB6-AC77A7D82272}
	EndGlobalSection
EndGlobal
