
Microsoft Visual Studio Solution File, Format Version 12.00
# Visual Studio Version 17
VisualStudioVersion = 17.14.36109.1 d17.14
MinimumVisualStudioVersion = 10.0.40219.1
Project("{FAE04EC0-301F-11D3-BF4B-00C04F79EFBC}") = "Temat2", "Temat2.csproj", "{A108320E-C91A-42F7-BA84-231B106688A5}"
EndProject
Global
	GlobalSection(SolutionConfigurationPlatforms) = preSolution
		Debug|Any CPU = Debug|Any CPU
		Release|Any CPU = Release|Any CPU
	EndGlobalSection
	GlobalSection(ProjectConfigurationPlatforms) = postSolution
		{A108320E-C91A-42F7-BA84-231B106688A5}.Debug|Any CPU.ActiveCfg = Debug|Any CPU
		{A108320E-C91A-42F7-BA84-231B106688A5}.Debug|Any CPU.Build.0 = Debug|Any CPU
		{A108320E-C91A-42F7-BA84-231B106688A5}.Release|Any CPU.ActiveCfg = Release|Any CPU
		{A108320E-C91A-42F7-BA84-231B106688A5}.Release|Any CPU.Build.0 = Release|Any CPU
	EndGlobalSection
	GlobalSection(SolutionProperties) = preSolution
		HideSolutionNode = FALSE
	EndGlobalSection
	GlobalSection(ExtensibilityGlobals) = postSolution
		SolutionGuid = {C069A73F-84CD-4F27-A430-70C9E50C1D55}
	EndGlobalSection
EndGlobal
