
Microsoft Visual Studio Solution File, Format Version 12.00
# Visual Studio Version 17
VisualStudioVersion = 17.14.36109.1 d17.14
MinimumVisualStudioVersion = 10.0.40219.1
Project("{FAE04EC0-301F-11D3-BF4B-00C04F79EFBC}") = "Zad9", "Zad9.csproj", "{36CED229-33AE-4850-B41E-F5568972842F}"
EndProject
Global
	GlobalSection(SolutionConfigurationPlatforms) = preSolution
		Debug|Any CPU = Debug|Any CPU
		Release|Any CPU = Release|Any CPU
	EndGlobalSection
	GlobalSection(ProjectConfigurationPlatforms) = postSolution
		{36CED229-33AE-4850-B41E-F5568972842F}.Debug|Any CPU.ActiveCfg = Debug|Any CPU
		{36CED229-33AE-4850-B41E-F5568972842F}.Debug|Any CPU.Build.0 = Debug|Any CPU
		{36CED229-33AE-4850-B41E-F5568972842F}.Release|Any CPU.ActiveCfg = Release|Any CPU
		{36CED229-33AE-4850-B41E-F5568972842F}.Release|Any CPU.Build.0 = Release|Any CPU
	EndGlobalSection
	GlobalSection(SolutionProperties) = preSolution
		HideSolutionNode = FALSE
	EndGlobalSection
	GlobalSection(ExtensibilityGlobals) = postSolution
		SolutionGuid = {E689EB50-B6E1-424B-B740-D289BD9B22D9}
	EndGlobalSection
EndGlobal
